// !$*UTF8*$!
{
	archiveVersion = 1;
	classes = {
	};
	objectVersion = 46;
	objects = {

/* Begin PBXBuildFile section */
		D62A7B6D187868D700FF12FB /* suite_bg_for_travel.png in Resources */ = {isa = PBXBuildFile; fileRef = D62A7B6C187868D700FF12FB /* suite_bg_for_travel.png */; };
		D65472771873322400B66979 /* main_month.png in Resources */ = {isa = PBXBuildFile; fileRef = D65472741873322400B66979 /* main_month.png */; };
		D65472781873322400B66979 /* main_today.png in Resources */ = {isa = PBXBuildFile; fileRef = D65472751873322400B66979 /* main_today.png */; };
		D65472791873322400B66979 /* main_week.png in Resources */ = {isa = PBXBuildFile; fileRef = D65472761873322400B66979 /* main_week.png */; };
		D6562E8F1874428300748878 /* main_activity_bg_src.png in Resources */ = {isa = PBXBuildFile; fileRef = D6562E8E1874428300748878 /* main_activity_bg_src.png */; };
		D6562E911874513B00748878 /* main_top_month_report_bg.png in Resources */ = {isa = PBXBuildFile; fileRef = D6562E901874513B00748878 /* main_top_month_report_bg.png */; };
		D6562E93187452F300748878 /* widget_battery_bg.9.png in Resources */ = {isa = PBXBuildFile; fileRef = D6562E92187452F300748878 /* widget_battery_bg.9.png */; };
		D6562E981874530C00748878 /* widget_battery_bottom.9.png in Resources */ = {isa = PBXBuildFile; fileRef = D6562E941874530C00748878 /* widget_battery_bottom.9.png */; };
		D6562E991874530C00748878 /* widget_battery_low.9.png in Resources */ = {isa = PBXBuildFile; fileRef = D6562E951874530C00748878 /* widget_battery_low.9.png */; };
		D6562E9A1874530C00748878 /* widget_battery_middle.9.png in Resources */ = {isa = PBXBuildFile; fileRef = D6562E961874530C00748878 /* widget_battery_middle.9.png */; };
		D6562E9B1874530C00748878 /* widget_battery_top.9.png in Resources */ = {isa = PBXBuildFile; fileRef = D6562E971874530C00748878 /* widget_battery_top.9.png */; };
		D6562E9E1874579A00748878 /* TopCell.m in Sources */ = {isa = PBXBuildFile; fileRef = D6562E9D1874579A00748878 /* TopCell.m */; };
		D6562EA0187457AE00748878 /* TopCell.xib in Resources */ = {isa = PBXBuildFile; fileRef = D6562E9F187457AE00748878 /* TopCell.xib */; };
		D6562EA818746B7D00748878 /* InventoryViewController.m in Sources */ = {isa = PBXBuildFile; fileRef = D6562EA618746B7D00748878 /* InventoryViewController.m */; };
		D6562EA918746B7D00748878 /* InventoryViewController.xib in Resources */ = {isa = PBXBuildFile; fileRef = D6562EA718746B7D00748878 /* InventoryViewController.xib */; };
		D6562EAD1874734900748878 /* BudgetViewController.m in Sources */ = {isa = PBXBuildFile; fileRef = D6562EAB1874734900748878 /* BudgetViewController.m */; };
		D6562EAE1874734900748878 /* BudgetViewController.xib in Resources */ = {isa = PBXBuildFile; fileRef = D6562EAC1874734900748878 /* BudgetViewController.xib */; };
		D6562EB21874777900748878 /* InputViewController.m in Sources */ = {isa = PBXBuildFile; fileRef = D6562EB01874777900748878 /* InputViewController.m */; };
		D6562EB31874777900748878 /* InputViewController.xib in Resources */ = {isa = PBXBuildFile; fileRef = D6562EB11874777900748878 /* InputViewController.xib */; };
		D66C84581872881900B3A597 /* main_nav_arrow.png in Resources */ = {isa = PBXBuildFile; fileRef = D66C84501872881900B3A597 /* main_nav_arrow.png */; };
		D66C84591872881900B3A597 /* main_nav_circle.png in Resources */ = {isa = PBXBuildFile; fileRef = D66C84511872881900B3A597 /* main_nav_circle.png */; };
		D66C845A1872881900B3A597 /* nav_account.png in Resources */ = {isa = PBXBuildFile; fileRef = D66C84521872881900B3A597 /* nav_account.png */; };
		D66C845B1872881900B3A597 /* nav_budget.png in Resources */ = {isa = PBXBuildFile; fileRef = D66C84531872881900B3A597 /* nav_budget.png */; };
		D66C845C1872881900B3A597 /* nav_edit_btn.png in Resources */ = {isa = PBXBuildFile; fileRef = D66C84541872881900B3A597 /* nav_edit_btn.png */; };
		D66C845D1872881900B3A597 /* nav_report.png in Resources */ = {isa = PBXBuildFile; fileRef = D66C84551872881900B3A597 /* nav_report.png */; };
		D66C845E1872881900B3A597 /* nav_setting.png in Resources */ = {isa = PBXBuildFile; fileRef = D66C84561872881900B3A597 /* nav_setting.png */; };
		D66C845F1872881900B3A597 /* nav_year_trans.png in Resources */ = {isa = PBXBuildFile; fileRef = D66C84571872881900B3A597 /* nav_year_trans.png */; };
		D66C84621872A51600B3A597 /* CustomCell.m in Sources */ = {isa = PBXBuildFile; fileRef = D66C84611872A51600B3A597 /* CustomCell.m */; };
		D66C84641872A52F00B3A597 /* CustomCell.xib in Resources */ = {isa = PBXBuildFile; fileRef = D66C84631872A52F00B3A597 /* CustomCell.xib */; };
		D6BE0E2C1871B68D00A8A137 /* Foundation.framework in Frameworks */ = {isa = PBXBuildFile; fileRef = D6BE0E2B1871B68D00A8A137 /* Foundation.framework */; };
		D6BE0E2E1871B68D00A8A137 /* CoreGraphics.framework in Frameworks */ = {isa = PBXBuildFile; fileRef = D6BE0E2D1871B68D00A8A137 /* CoreGraphics.framework */; };
		D6BE0E301871B68D00A8A137 /* UIKit.framework in Frameworks */ = {isa = PBXBuildFile; fileRef = D6BE0E2F1871B68D00A8A137 /* UIKit.framework */; };
		D6BE0E361871B68D00A8A137 /* InfoPlist.strings in Resources */ = {isa = PBXBuildFile; fileRef = D6BE0E341871B68D00A8A137 /* InfoPlist.strings */; };
		D6BE0E381871B68D00A8A137 /* main.m in Sources */ = {isa = PBXBuildFile; fileRef = D6BE0E371871B68D00A8A137 /* main.m */; };
		D6BE0E3C1871B68D00A8A137 /* AppDelegate.m in Sources */ = {isa = PBXBuildFile; fileRef = D6BE0E3B1871B68D00A8A137 /* AppDelegate.m */; };
		D6BE0E3E1871B68D00A8A137 /* Images.xcassets in Resources */ = {isa = PBXBuildFile; fileRef = D6BE0E3D1871B68D00A8A137 /* Images.xcassets */; };
		D6BE0E451871B68D00A8A137 /* XCTest.framework in Frameworks */ = {isa = PBXBuildFile; fileRef = D6BE0E441871B68D00A8A137 /* XCTest.framework */; };
		D6BE0E461871B68D00A8A137 /* Foundation.framework in Frameworks */ = {isa = PBXBuildFile; fileRef = D6BE0E2B1871B68D00A8A137 /* Foundation.framework */; };
		D6BE0E471871B68D00A8A137 /* UIKit.framework in Frameworks */ = {isa = PBXBuildFile; fileRef = D6BE0E2F1871B68D00A8A137 /* UIKit.framework */; };
		D6BE0E4F1871B68D00A8A137 /* InfoPlist.strings in Resources */ = {isa = PBXBuildFile; fileRef = D6BE0E4D1871B68D00A8A137 /* InfoPlist.strings */; };
		D6BE0E511871B68D00A8A137 /* ___Tests.m in Sources */ = {isa = PBXBuildFile; fileRef = D6BE0E501871B68D00A8A137 /* ___Tests.m */; };
		D6BE0E5F1871B87700A8A137 /* IIViewDeckController.m in Sources */ = {isa = PBXBuildFile; fileRef = D6BE0E5C1871B87700A8A137 /* IIViewDeckController.m */; };
		D6BE0E601871B87700A8A137 /* IIWrapController.m in Sources */ = {isa = PBXBuildFile; fileRef = D6BE0E5E1871B87700A8A137 /* IIWrapController.m */; };
		D6BE0E641871B8B600A8A137 /* ViewController.m in Sources */ = {isa = PBXBuildFile; fileRef = D6BE0E621871B8B600A8A137 /* ViewController.m */; };
		D6BE0E651871B8B600A8A137 /* ViewController.xib in Resources */ = {isa = PBXBuildFile; fileRef = D6BE0E631871B8B600A8A137 /* ViewController.xib */; };
		D6BE0E691871B8E500A8A137 /* LeftModuleViewController.m in Sources */ = {isa = PBXBuildFile; fileRef = D6BE0E671871B8E500A8A137 /* LeftModuleViewController.m */; };
		D6BE0E6A1871B8E500A8A137 /* LeftModuleViewController.xib in Resources */ = {isa = PBXBuildFile; fileRef = D6BE0E681871B8E500A8A137 /* LeftModuleViewController.xib */; };
/* End PBXBuildFile section */

/* Begin PBXContainerItemProxy section */
		D6BE0E481871B68D00A8A137 /* PBXContainerItemProxy */ = {
			isa = PBXContainerItemProxy;
			containerPortal = D6BE0E201871B68D00A8A137 /* Project object */;
			proxyType = 1;
			remoteGlobalIDString = D6BE0E271871B68D00A8A137;
			remoteInfo = "随手记";
		};
/* End PBXContainerItemProxy section */

/* Begin PBXFileReference section */
		D62A7B6C187868D700FF12FB /* suite_bg_for_travel.png */ = {isa = PBXFileReference; lastKnownFileType = image.png; path = suite_bg_for_travel.png; sourceTree = "<group>"; };
		D65472741873322400B66979 /* main_month.png */ = {isa = PBXFileReference; lastKnownFileType = image.png; path = main_month.png; sourceTree = "<group>"; };
		D65472751873322400B66979 /* main_today.png */ = {isa = PBXFileReference; lastKnownFileType = image.png; path = main_today.png; sourceTree = "<group>"; };
		D65472761873322400B66979 /* main_week.png */ = {isa = PBXFileReference; lastKnownFileType = image.png; path = main_week.png; sourceTree = "<group>"; };
		D6562E8E1874428300748878 /* main_activity_bg_src.png */ = {isa = PBXFileReference; lastKnownFileType = image.png; path = main_activity_bg_src.png; sourceTree = "<group>"; };
		D6562E901874513B00748878 /* main_top_month_report_bg.png */ = {isa = PBXFileReference; lastKnownFileType = image.png; path = main_top_month_report_bg.png; sourceTree = "<group>"; };
		D6562E92187452F300748878 /* widget_battery_bg.9.png */ = {isa = PBXFileReference; lastKnownFileType = image.png; path = widget_battery_bg.9.png; sourceTree = "<group>"; };
		D6562E941874530C00748878 /* widget_battery_bottom.9.png */ = {isa = PBXFileReference; lastKnownFileType = image.png; path = widget_battery_bottom.9.png; sourceTree = "<group>"; };
		D6562E951874530C00748878 /* widget_battery_low.9.png */ = {isa = PBXFileReference; lastKnownFileType = image.png; path = widget_battery_low.9.png; sourceTree = "<group>"; };
		D6562E961874530C00748878 /* widget_battery_middle.9.png */ = {isa = PBXFileReference; lastKnownFileType = image.png; path = widget_battery_middle.9.png; sourceTree = "<group>"; };
		D6562E971874530C00748878 /* widget_battery_top.9.png */ = {isa = PBXFileReference; lastKnownFileType = image.png; path = widget_battery_top.9.png; sourceTree = "<group>"; };
		D6562E9C1874579A00748878 /* TopCell.h */ = {isa = PBXFileReference; fileEncoding = 4; lastKnownFileType = sourcecode.c.h; path = TopCell.h; sourceTree = "<group>"; };
		D6562E9D1874579A00748878 /* TopCell.m */ = {isa = PBXFileReference; fileEncoding = 4; lastKnownFileType = sourcecode.c.objc; path = TopCell.m; sourceTree = "<group>"; };
		D6562E9F187457AE00748878 /* TopCell.xib */ = {isa = PBXFileReference; fileEncoding = 4; lastKnownFileType = file.xib; path = TopCell.xib; sourceTree = "<group>"; };
		D6562EA518746B7D00748878 /* InventoryViewController.h */ = {isa = PBXFileReference; fileEncoding = 4; lastKnownFileType = sourcecode.c.h; path = InventoryViewController.h; sourceTree = "<group>"; };
		D6562EA618746B7D00748878 /* InventoryViewController.m */ = {isa = PBXFileReference; fileEncoding = 4; lastKnownFileType = sourcecode.c.objc; path = InventoryViewController.m; sourceTree = "<group>"; };
		D6562EA718746B7D00748878 /* InventoryViewController.xib */ = {isa = PBXFileReference; fileEncoding = 4; lastKnownFileType = file.xib; path = InventoryViewController.xib; sourceTree = "<group>"; };
		D6562EAA1874734900748878 /* BudgetViewController.h */ = {isa = PBXFileReference; fileEncoding = 4; lastKnownFileType = sourcecode.c.h; path = BudgetViewController.h; sourceTree = "<group>"; };
		D6562EAB1874734900748878 /* BudgetViewController.m */ = {isa = PBXFileReference; fileEncoding = 4; lastKnownFileType = sourcecode.c.objc; path = BudgetViewController.m; sourceTree = "<group>"; };
		D6562EAC1874734900748878 /* BudgetViewController.xib */ = {isa = PBXFileReference; fileEncoding = 4; lastKnownFileType = file.xib; path = BudgetViewController.xib; sourceTree = "<group>"; };
		D6562EAF1874777900748878 /* InputViewController.h */ = {isa = PBXFileReference; fileEncoding = 4; lastKnownFileType = sourcecode.c.h; path = InputViewController.h; sourceTree = "<group>"; };
		D6562EB01874777900748878 /* InputViewController.m */ = {isa = PBXFileReference; fileEncoding = 4; lastKnownFileType = sourcecode.c.objc; path = InputViewController.m; sourceTree = "<group>"; };
		D6562EB11874777900748878 /* InputViewController.xib */ = {isa = PBXFileReference; fileEncoding = 4; lastKnownFileType = file.xib; path = InputViewController.xib; sourceTree = "<group>"; };
		D66C84501872881900B3A597 /* main_nav_arrow.png */ = {isa = PBXFileReference; lastKnownFileType = image.png; path = main_nav_arrow.png; sourceTree = "<group>"; };
		D66C84511872881900B3A597 /* main_nav_circle.png */ = {isa = PBXFileReference; lastKnownFileType = image.png; path = main_nav_circle.png; sourceTree = "<group>"; };
		D66C84521872881900B3A597 /* nav_account.png */ = {isa = PBXFileReference; lastKnownFileType = image.png; path = nav_account.png; sourceTree = "<group>"; };
		D66C84531872881900B3A597 /* nav_budget.png */ = {isa = PBXFileReference; lastKnownFileType = image.png; path = nav_budget.png; sourceTree = "<group>"; };
		D66C84541872881900B3A597 /* nav_edit_btn.png */ = {isa = PBXFileReference; lastKnownFileType = image.png; path = nav_edit_btn.png; sourceTree = "<group>"; };
		D66C84551872881900B3A597 /* nav_report.png */ = {isa = PBXFileReference; lastKnownFileType = image.png; path = nav_report.png; sourceTree = "<group>"; };
		D66C84561872881900B3A597 /* nav_setting.png */ = {isa = PBXFileReference; lastKnownFileType = image.png; path = nav_setting.png; sourceTree = "<group>"; };
		D66C84571872881900B3A597 /* nav_year_trans.png */ = {isa = PBXFileReference; lastKnownFileType = image.png; path = nav_year_trans.png; sourceTree = "<group>"; };
		D66C84601872A51600B3A597 /* CustomCell.h */ = {isa = PBXFileReference; fileEncoding = 4; lastKnownFileType = sourcecode.c.h; path = CustomCell.h; sourceTree = "<group>"; };
		D66C84611872A51600B3A597 /* CustomCell.m */ = {isa = PBXFileReference; fileEncoding = 4; lastKnownFileType = sourcecode.c.objc; path = CustomCell.m; sourceTree = "<group>"; };
		D66C84631872A52F00B3A597 /* CustomCell.xib */ = {isa = PBXFileReference; fileEncoding = 4; lastKnownFileType = file.xib; path = CustomCell.xib; sourceTree = "<group>"; };
		D6BE0E281871B68D00A8A137 /* 随手记.app */ = {isa = PBXFileReference; explicitFileType = wrapper.application; includeInIndex = 0; path = "随手记.app"; sourceTree = BUILT_PRODUCTS_DIR; };
		D6BE0E2B1871B68D00A8A137 /* Foundation.framework */ = {isa = PBXFileReference; lastKnownFileType = wrapper.framework; name = Foundation.framework; path = System/Library/Frameworks/Foundation.framework; sourceTree = SDKROOT; };
		D6BE0E2D1871B68D00A8A137 /* CoreGraphics.framework */ = {isa = PBXFileReference; lastKnownFileType = wrapper.framework; name = CoreGraphics.framework; path = System/Library/Frameworks/CoreGraphics.framework; sourceTree = SDKROOT; };
		D6BE0E2F1871B68D00A8A137 /* UIKit.framework */ = {isa = PBXFileReference; lastKnownFileType = wrapper.framework; name = UIKit.framework; path = System/Library/Frameworks/UIKit.framework; sourceTree = SDKROOT; };
		D6BE0E331871B68D00A8A137 /* 随手记-Info.plist */ = {isa = PBXFileReference; lastKnownFileType = text.plist.xml; path = "随手记-Info.plist"; sourceTree = "<group>"; };
		D6BE0E351871B68D00A8A137 /* en */ = {isa = PBXFileReference; lastKnownFileType = text.plist.strings; name = en; path = en.lproj/InfoPlist.strings; sourceTree = "<group>"; };
		D6BE0E371871B68D00A8A137 /* main.m */ = {isa = PBXFileReference; lastKnownFileType = sourcecode.c.objc; path = main.m; sourceTree = "<group>"; };
		D6BE0E391871B68D00A8A137 /* 随手记-Prefix.pch */ = {isa = PBXFileReference; lastKnownFileType = sourcecode.c.h; path = "随手记-Prefix.pch"; sourceTree = "<group>"; };
		D6BE0E3A1871B68D00A8A137 /* AppDelegate.h */ = {isa = PBXFileReference; lastKnownFileType = sourcecode.c.h; path = AppDelegate.h; sourceTree = "<group>"; };
		D6BE0E3B1871B68D00A8A137 /* AppDelegate.m */ = {isa = PBXFileReference; lastKnownFileType = sourcecode.c.objc; path = AppDelegate.m; sourceTree = "<group>"; };
		D6BE0E3D1871B68D00A8A137 /* Images.xcassets */ = {isa = PBXFileReference; lastKnownFileType = folder.assetcatalog; path = Images.xcassets; sourceTree = "<group>"; };
		D6BE0E431871B68D00A8A137 /* 随手记Tests.xctest */ = {isa = PBXFileReference; explicitFileType = wrapper.cfbundle; includeInIndex = 0; path = "随手记Tests.xctest"; sourceTree = BUILT_PRODUCTS_DIR; };
		D6BE0E441871B68D00A8A137 /* XCTest.framework */ = {isa = PBXFileReference; lastKnownFileType = wrapper.framework; name = XCTest.framework; path = Library/Frameworks/XCTest.framework; sourceTree = DEVELOPER_DIR; };
		D6BE0E4C1871B68D00A8A137 /* 随手记Tests-Info.plist */ = {isa = PBXFileReference; lastKnownFileType = text.plist.xml; path = "随手记Tests-Info.plist"; sourceTree = "<group>"; };
		D6BE0E4E1871B68D00A8A137 /* en */ = {isa = PBXFileReference; lastKnownFileType = text.plist.strings; name = en; path = en.lproj/InfoPlist.strings; sourceTree = "<group>"; };
		D6BE0E501871B68D00A8A137 /* ___Tests.m */ = {isa = PBXFileReference; lastKnownFileType = sourcecode.c.objc; path = "___Tests.m"; sourceTree = "<group>"; };
		D6BE0E5B1871B87700A8A137 /* IIViewDeckController.h */ = {isa = PBXFileReference; fileEncoding = 4; lastKnownFileType = sourcecode.c.h; path = IIViewDeckController.h; sourceTree = "<group>"; };
		D6BE0E5C1871B87700A8A137 /* IIViewDeckController.m */ = {isa = PBXFileReference; fileEncoding = 4; lastKnownFileType = sourcecode.c.objc; path = IIViewDeckController.m; sourceTree = "<group>"; };
		D6BE0E5D1871B87700A8A137 /* IIWrapController.h */ = {isa = PBXFileReference; fileEncoding = 4; lastKnownFileType = sourcecode.c.h; path = IIWrapController.h; sourceTree = "<group>"; };
		D6BE0E5E1871B87700A8A137 /* IIWrapController.m */ = {isa = PBXFileReference; fileEncoding = 4; lastKnownFileType = sourcecode.c.objc; path = IIWrapController.m; sourceTree = "<group>"; };
		D6BE0E611871B8B600A8A137 /* ViewController.h */ = {isa = PBXFileReference; fileEncoding = 4; lastKnownFileType = sourcecode.c.h; path = ViewController.h; sourceTree = "<group>"; };
		D6BE0E621871B8B600A8A137 /* ViewController.m */ = {isa = PBXFileReference; fileEncoding = 4; lastKnownFileType = sourcecode.c.objc; path = ViewController.m; sourceTree = "<group>"; };
		D6BE0E631871B8B600A8A137 /* ViewController.xib */ = {isa = PBXFileReference; fileEncoding = 4; lastKnownFileType = file.xib; path = ViewController.xib; sourceTree = "<group>"; };
		D6BE0E661871B8E500A8A137 /* LeftModuleViewController.h */ = {isa = PBXFileReference; fileEncoding = 4; lastKnownFileType = sourcecode.c.h; path = LeftModuleViewController.h; sourceTree = "<group>"; };
		D6BE0E671871B8E500A8A137 /* LeftModuleViewController.m */ = {isa = PBXFileReference; fileEncoding = 4; lastKnownFileType = sourcecode.c.objc; path = LeftModuleViewController.m; sourceTree = "<group>"; };
		D6BE0E681871B8E500A8A137 /* LeftModuleViewController.xib */ = {isa = PBXFileReference; fileEncoding = 4; lastKnownFileType = file.xib; path = LeftModuleViewController.xib; sourceTree = "<group>"; };
/* End PBXFileReference section */

/* Begin PBXFrameworksBuildPhase section */
		D6BE0E251871B68D00A8A137 /* Frameworks */ = {
			isa = PBXFrameworksBuildPhase;
			buildActionMask = 2147483647;
			files = (
				D6BE0E2E1871B68D00A8A137 /* CoreGraphics.framework in Frameworks */,
				D6BE0E301871B68D00A8A137 /* UIKit.framework in Frameworks */,
				D6BE0E2C1871B68D00A8A137 /* Foundation.framework in Frameworks */,
			);
			runOnlyForDeploymentPostprocessing = 0;
		};
		D6BE0E401871B68D00A8A137 /* Frameworks */ = {
			isa = PBXFrameworksBuildPhase;
			buildActionMask = 2147483647;
			files = (
				D6BE0E451871B68D00A8A137 /* XCTest.framework in Frameworks */,
				D6BE0E471871B68D00A8A137 /* UIKit.framework in Frameworks */,
				D6BE0E461871B68D00A8A137 /* Foundation.framework in Frameworks */,
			);
			runOnlyForDeploymentPostprocessing = 0;
		};
/* End PBXFrameworksBuildPhase section */

/* Begin PBXGroup section */
		D6562EA11874699300748878 /* 自定义Cell */ = {
			isa = PBXGroup;
			children = (
				D66C84601872A51600B3A597 /* CustomCell.h */,
				D66C84611872A51600B3A597 /* CustomCell.m */,
				D66C84631872A52F00B3A597 /* CustomCell.xib */,
				D6562E9C1874579A00748878 /* TopCell.h */,
				D6562E9D1874579A00748878 /* TopCell.m */,
				D6562E9F187457AE00748878 /* TopCell.xib */,
			);
			name = "自定义Cell";
			sourceTree = "<group>";
		};
		D6562EA318746A5300748878 /* 一级View */ = {
			isa = PBXGroup;
			children = (
				D6BE0E611871B8B600A8A137 /* ViewController.h */,
				D6BE0E621871B8B600A8A137 /* ViewController.m */,
				D6BE0E631871B8B600A8A137 /* ViewController.xib */,
				D6BE0E661871B8E500A8A137 /* LeftModuleViewController.h */,
				D6BE0E671871B8E500A8A137 /* LeftModuleViewController.m */,
				D6BE0E681871B8E500A8A137 /* LeftModuleViewController.xib */,
			);
			name = "一级View";
			sourceTree = "<group>";
		};
		D6562EA418746A9100748878 /* 二级View */ = {
			isa = PBXGroup;
			children = (
				D6562EA518746B7D00748878 /* InventoryViewController.h */,
				D6562EA618746B7D00748878 /* InventoryViewController.m */,
				D6562EA718746B7D00748878 /* InventoryViewController.xib */,
				D6562EAA1874734900748878 /* BudgetViewController.h */,
				D6562EAB1874734900748878 /* BudgetViewController.m */,
				D6562EAC1874734900748878 /* BudgetViewController.xib */,
				D6562EAF1874777900748878 /* InputViewController.h */,
				D6562EB01874777900748878 /* InputViewController.m */,
				D6562EB11874777900748878 /* InputViewController.xib */,
			);
			name = "二级View";
			sourceTree = "<group>";
		};
		D66C844F1872881900B3A597 /* icon */ = {
			isa = PBXGroup;
			children = (
				D62A7B6C187868D700FF12FB /* suite_bg_for_travel.png */,
				D6562E901874513B00748878 /* main_top_month_report_bg.png */,
				D6562E92187452F300748878 /* widget_battery_bg.9.png */,
				D6562E941874530C00748878 /* widget_battery_bottom.9.png */,
				D6562E951874530C00748878 /* widget_battery_low.9.png */,
				D6562E961874530C00748878 /* widget_battery_middle.9.png */,
				D6562E971874530C00748878 /* widget_battery_top.9.png */,
				D6562E8E1874428300748878 /* main_activity_bg_src.png */,
				D65472741873322400B66979 /* main_month.png */,
				D65472751873322400B66979 /* main_today.png */,
				D65472761873322400B66979 /* main_week.png */,
				D66C84501872881900B3A597 /* main_nav_arrow.png */,
				D66C84511872881900B3A597 /* main_nav_circle.png */,
				D66C84521872881900B3A597 /* nav_account.png */,
				D66C84531872881900B3A597 /* nav_budget.png */,
				D66C84541872881900B3A597 /* nav_edit_btn.png */,
				D66C84551872881900B3A597 /* nav_report.png */,
				D66C84561872881900B3A597 /* nav_setting.png */,
				D66C84571872881900B3A597 /* nav_year_trans.png */,
			);
			path = icon;
			sourceTree = "<group>";
		};
		D6BE0E1F1871B68D00A8A137 = {
			isa = PBXGroup;
			children = (
				D6BE0E311871B68D00A8A137 /* 随手记 */,
				D6BE0E4A1871B68D00A8A137 /* 随手记Tests */,
				D6BE0E2A1871B68D00A8A137 /* Frameworks */,
				D6BE0E291871B68D00A8A137 /* Products */,
			);
			sourceTree = "<group>";
		};
		D6BE0E291871B68D00A8A137 /* Products */ = {
			isa = PBXGroup;
			children = (
				D6BE0E281871B68D00A8A137 /* 随手记.app */,
				D6BE0E431871B68D00A8A137 /* 随手记Tests.xctest */,
			);
			name = Products;
			sourceTree = "<group>";
		};
		D6BE0E2A1871B68D00A8A137 /* Frameworks */ = {
			isa = PBXGroup;
			children = (
				D6BE0E2B1871B68D00A8A137 /* Foundation.framework */,
				D6BE0E2D1871B68D00A8A137 /* CoreGraphics.framework */,
				D6BE0E2F1871B68D00A8A137 /* UIKit.framework */,
				D6BE0E441871B68D00A8A137 /* XCTest.framework */,
			);
			name = Frameworks;
			sourceTree = "<group>";
		};
		D6BE0E311871B68D00A8A137 /* 随手记 */ = {
			isa = PBXGroup;
			children = (
				D6BE0E5A1871B87700A8A137 /* 主页滑动 */,
				D6BE0E3A1871B68D00A8A137 /* AppDelegate.h */,
				D6BE0E3B1871B68D00A8A137 /* AppDelegate.m */,
				D6562EA318746A5300748878 /* 一级View */,
				D6562EA418746A9100748878 /* 二级View */,
				D6562EA11874699300748878 /* 自定义Cell */,
				D6BE0E3D1871B68D00A8A137 /* Images.xcassets */,
				D66C844F1872881900B3A597 /* icon */,
				D6BE0E321871B68D00A8A137 /* Supporting Files */,
			);
			path = "随手记";
			sourceTree = "<group>";
		};
		D6BE0E321871B68D00A8A137 /* Supporting Files */ = {
			isa = PBXGroup;
			children = (
				D6BE0E331871B68D00A8A137 /* 随手记-Info.plist */,
				D6BE0E341871B68D00A8A137 /* InfoPlist.strings */,
				D6BE0E371871B68D00A8A137 /* main.m */,
				D6BE0E391871B68D00A8A137 /* 随手记-Prefix.pch */,
			);
			name = "Supporting Files";
			sourceTree = "<group>";
		};
		D6BE0E4A1871B68D00A8A137 /* 随手记Tests */ = {
			isa = PBXGroup;
			children = (
				D6BE0E501871B68D00A8A137 /* ___Tests.m */,
				D6BE0E4B1871B68D00A8A137 /* Supporting Files */,
			);
			path = "随手记Tests";
			sourceTree = "<group>";
		};
		D6BE0E4B1871B68D00A8A137 /* Supporting Files */ = {
			isa = PBXGroup;
			children = (
				D6BE0E4C1871B68D00A8A137 /* 随手记Tests-Info.plist */,
				D6BE0E4D1871B68D00A8A137 /* InfoPlist.strings */,
			);
			name = "Supporting Files";
			sourceTree = "<group>";
		};
		D6BE0E5A1871B87700A8A137 /* 主页滑动 */ = {
			isa = PBXGroup;
			children = (
				D6BE0E5B1871B87700A8A137 /* IIViewDeckController.h */,
				D6BE0E5C1871B87700A8A137 /* IIViewDeckController.m */,
				D6BE0E5D1871B87700A8A137 /* IIWrapController.h */,
				D6BE0E5E1871B87700A8A137 /* IIWrapController.m */,
			);
			path = "主页滑动";
			sourceTree = "<group>";
		};
/* End PBXGroup section */

/* Begin PBXNativeTarget section */
		D6BE0E271871B68D00A8A137 /* 随手记 */ = {
			isa = PBXNativeTarget;
			buildConfigurationList = D6BE0E541871B68D00A8A137 /* Build configuration list for PBXNativeTarget "随手记" */;
			buildPhases = (
				D6BE0E241871B68D00A8A137 /* Sources */,
				D6BE0E251871B68D00A8A137 /* Frameworks */,
				D6BE0E261871B68D00A8A137 /* Resources */,
			);
			buildRules = (
			);
			dependencies = (
			);
			name = "随手记";
			productName = "随手记";
			productReference = D6BE0E281871B68D00A8A137 /* 随手记.app */;
			productType = "com.apple.product-type.application";
		};
		D6BE0E421871B68D00A8A137 /* 随手记Tests */ = {
			isa = PBXNativeTarget;
			buildConfigurationList = D6BE0E571871B68D00A8A137 /* Build configuration list for PBXNativeTarget "随手记Tests" */;
			buildPhases = (
				D6BE0E3F1871B68D00A8A137 /* Sources */,
				D6BE0E401871B68D00A8A137 /* Frameworks */,
				D6BE0E411871B68D00A8A137 /* Resources */,
			);
			buildRules = (
			);
			dependencies = (
				D6BE0E491871B68D00A8A137 /* PBXTargetDependency */,
			);
			name = "随手记Tests";
			productName = "随手记Tests";
			productReference = D6BE0E431871B68D00A8A137 /* 随手记Tests.xctest */;
			productType = "com.apple.product-type.bundle.unit-test";
		};
/* End PBXNativeTarget section */

/* Begin PBXProject section */
		D6BE0E201871B68D00A8A137 /* Project object */ = {
			isa = PBXProject;
			attributes = {
				LastUpgradeCheck = 0500;
				ORGANIZATIONNAME = OPSOFT;
				TargetAttributes = {
					D6BE0E421871B68D00A8A137 = {
						TestTargetID = D6BE0E271871B68D00A8A137;
					};
				};
			};
			buildConfigurationList = D6BE0E231871B68D00A8A137 /* Build configuration list for PBXProject "随手记" */;
			compatibilityVersion = "Xcode 3.2";
			developmentRegion = English;
			hasScannedForEncodings = 0;
			knownRegions = (
				en,
			);
			mainGroup = D6BE0E1F1871B68D00A8A137;
			productRefGroup = D6BE0E291871B68D00A8A137 /* Products */;
			projectDirPath = "";
			projectRoot = "";
			targets = (
				D6BE0E271871B68D00A8A137 /* 随手记 */,
				D6BE0E421871B68D00A8A137 /* 随手记Tests */,
			);
		};
/* End PBXProject section */

/* Begin PBXResourcesBuildPhase section */
		D6BE0E261871B68D00A8A137 /* Resources */ = {
			isa = PBXResourcesBuildPhase;
			buildActionMask = 2147483647;
			files = (
				D6562E911874513B00748878 /* main_top_month_report_bg.png in Resources */,
				D65472791873322400B66979 /* main_week.png in Resources */,
				D6562E9B1874530C00748878 /* widget_battery_top.9.png in Resources */,
				D66C84641872A52F00B3A597 /* CustomCell.xib in Resources */,
				D6562E981874530C00748878 /* widget_battery_bottom.9.png in Resources */,
				D66C845B1872881900B3A597 /* nav_budget.png in Resources */,
				D66C845F1872881900B3A597 /* nav_year_trans.png in Resources */,
				D65472771873322400B66979 /* main_month.png in Resources */,
				D66C845D1872881900B3A597 /* nav_report.png in Resources */,
				D6562EB31874777900748878 /* InputViewController.xib in Resources */,
				D6562E8F1874428300748878 /* main_activity_bg_src.png in Resources */,
				D6BE0E361871B68D00A8A137 /* InfoPlist.strings in Resources */,
				D66C84581872881900B3A597 /* main_nav_arrow.png in Resources */,
				D6562E9A1874530C00748878 /* widget_battery_middle.9.png in Resources */,
				D66C845A1872881900B3A597 /* nav_account.png in Resources */,
				D66C845C1872881900B3A597 /* nav_edit_btn.png in Resources */,
				D6562EA0187457AE00748878 /* TopCell.xib in Resources */,
				D66C84591872881900B3A597 /* main_nav_circle.png in Resources */,
				D6BE0E6A1871B8E500A8A137 /* LeftModuleViewController.xib in Resources */,
				D65472781873322400B66979 /* main_today.png in Resources */,
				D6562EAE1874734900748878 /* BudgetViewController.xib in Resources */,
				D66C845E1872881900B3A597 /* nav_setting.png in Resources */,
				D6BE0E651871B8B600A8A137 /* ViewController.xib in Resources */,
				D62A7B6D187868D700FF12FB /* suite_bg_for_travel.png in Resources */,
				D6BE0E3E1871B68D00A8A137 /* Images.xcassets in Resources */,
				D6562E93187452F300748878 /* widget_battery_bg.9.png in Resources */,
				D6562EA918746B7D00748878 /* InventoryViewController.xib in Resources */,
				D6562E991874530C00748878 /* widget_battery_low.9.png in Resources */,
			);
			runOnlyForDeploymentPostprocessing = 0;
		};
		D6BE0E411871B68D00A8A137 /* Resources */ = {
			isa = PBXResourcesBuildPhase;
			buildActionMask = 2147483647;
			files = (
				D6BE0E4F1871B68D00A8A137 /* InfoPlist.strings in Resources */,
			);
			runOnlyForDeploymentPostprocessing = 0;
		};
/* End PBXResourcesBuildPhase section */

/* Begin PBXSourcesBuildPhase section */
		D6BE0E241871B68D00A8A137 /* Sources */ = {
			isa = PBXSourcesBuildPhase;
			buildActionMask = 2147483647;
			files = (
				D6BE0E3C1871B68D00A8A137 /* AppDelegate.m in Sources */,
				D6BE0E691871B8E500A8A137 /* LeftModuleViewController.m in Sources */,
				D6BE0E601871B87700A8A137 /* IIWrapController.m in Sources */,
				D6BE0E381871B68D00A8A137 /* main.m in Sources */,
				D66C84621872A51600B3A597 /* CustomCell.m in Sources */,
				D6562EA818746B7D00748878 /* InventoryViewController.m in Sources */,
				D6BE0E5F1871B87700A8A137 /* IIViewDeckController.m in Sources */,
				D6562EB21874777900748878 /* InputViewController.m in Sources */,
				D6BE0E641871B8B600A8A137 /* ViewController.m in Sources */,
				D6562E9E1874579A00748878 /* TopCell.m in Sources */,
				D6562EAD1874734900748878 /* BudgetViewController.m in Sources */,
			);
			runOnlyForDeploymentPostprocessing = 0;
		};
		D6BE0E3F1871B68D00A8A137 /* Sources */ = {
			isa = PBXSourcesBuildPhase;
			buildActionMask = 2147483647;
			files = (
				D6BE0E511871B68D00A8A137 /* ___Tests.m in Sources */,
			);
			runOnlyForDeploymentPostprocessing = 0;
		};
/* End PBXSourcesBuildPhase section */

/* Begin PBXTargetDependency section */
		D6BE0E491871B68D00A8A137 /* PBXTargetDependency */ = {
			isa = PBXTargetDependency;
			target = D6BE0E271871B68D00A8A137 /* 随手记 */;
			targetProxy = D6BE0E481871B68D00A8A137 /* PBXContainerItemProxy */;
		};
/* End PBXTargetDependency section */

/* Begin PBXVariantGroup section */
		D6BE0E341871B68D00A8A137 /* InfoPlist.strings */ = {
			isa = PBXVariantGroup;
			children = (
				D6BE0E351871B68D00A8A137 /* en */,
			);
			name = InfoPlist.strings;
			sourceTree = "<group>";
		};
		D6BE0E4D1871B68D00A8A137 /* InfoPlist.strings */ = {
			isa = PBXVariantGroup;
			children = (
				D6BE0E4E1871B68D00A8A137 /* en */,
			);
			name = InfoPlist.strings;
			sourceTree = "<group>";
		};
/* End PBXVariantGroup section */

/* Begin XCBuildConfiguration section */
		D6BE0E521871B68D00A8A137 /* Debug */ = {
			isa = XCBuildConfiguration;
			buildSettings = {
				ALWAYS_SEARCH_USER_PATHS = NO;
				ARCHS = "$(ARCHS_STANDARD_INCLUDING_64_BIT)";
				CLANG_CXX_LANGUAGE_STANDARD = "gnu++0x";
				CLANG_CXX_LIBRARY = "libc++";
				CLANG_ENABLE_MODULES = YES;
				CLANG_ENABLE_OBJC_ARC = YES;
				CLANG_WARN_BOOL_CONVERSION = YES;
				CLANG_WARN_CONSTANT_CONVERSION = YES;
				CLANG_WARN_DIRECT_OBJC_ISA_USAGE = YES_ERROR;
				CLANG_WARN_EMPTY_BODY = YES;
				CLANG_WARN_ENUM_CONVERSION = YES;
				CLANG_WARN_INT_CONVERSION = YES;
				CLANG_WARN_OBJC_ROOT_CLASS = YES_ERROR;
				CLANG_WARN__DUPLICATE_METHOD_MATCH = YES;
				"CODE_SIGN_IDENTITY[sdk=iphoneos*]" = "iPhone Developer";
				COPY_PHASE_STRIP = NO;
				GCC_C_LANGUAGE_STANDARD = gnu99;
				GCC_DYNAMIC_NO_PIC = NO;
				GCC_OPTIMIZATION_LEVEL = 0;
				GCC_PREPROCESSOR_DEFINITIONS = (
					"DEBUG=1",
					"$(inherited)",
				);
				GCC_SYMBOLS_PRIVATE_EXTERN = NO;
				GCC_WARN_64_TO_32_BIT_CONVERSION = YES;
				GCC_WARN_ABOUT_RETURN_TYPE = YES_ERROR;
				GCC_WARN_UNDECLARED_SELECTOR = YES;
				GCC_WARN_UNINITIALIZED_AUTOS = YES;
				GCC_WARN_UNUSED_FUNCTION = YES;
				GCC_WARN_UNUSED_VARIABLE = YES;
				IPHONEOS_DEPLOYMENT_TARGET = 7.0;
				ONLY_ACTIVE_ARCH = YES;
				SDKROOT = iphoneos;
				TARGETED_DEVICE_FAMILY = "1,2";
			};
			name = Debug;
		};
		D6BE0E531871B68D00A8A137 /* Release */ = {
			isa = XCBuildConfiguration;
			buildSettings = {
				ALWAYS_SEARCH_USER_PATHS = NO;
				ARCHS = "$(ARCHS_STANDARD_INCLUDING_64_BIT)";
				CLANG_CXX_LANGUAGE_STANDARD = "gnu++0x";
				CLANG_CXX_LIBRARY = "libc++";
				CLANG_ENABLE_MODULES = YES;
				CLANG_ENABLE_OBJC_ARC = YES;
				CLANG_WARN_BOOL_CONVERSION = YES;
				CLANG_WARN_CONSTANT_CONVERSION = YES;
				CLANG_WARN_DIRECT_OBJC_ISA_USAGE = YES_ERROR;
				CLANG_WARN_EMPTY_BODY = YES;
				CLANG_WARN_ENUM_CONVERSION = YES;
				CLANG_WARN_INT_CONVERSION = YES;
				CLANG_WARN_OBJC_ROOT_CLASS = YES_ERROR;
				CLANG_WARN__DUPLICATE_METHOD_MATCH = YES;
				"CODE_SIGN_IDENTITY[sdk=iphoneos*]" = "iPhone Developer";
				COPY_PHASE_STRIP = YES;
				ENABLE_NS_ASSERTIONS = NO;
				GCC_C_LANGUAGE_STANDARD = gnu99;
				GCC_WARN_64_TO_32_BIT_CONVERSION = YES;
				GCC_WARN_ABOUT_RETURN_TYPE = YES_ERROR;
				GCC_WARN_UNDECLARED_SELECTOR = YES;
				GCC_WARN_UNINITIALIZED_AUTOS = YES;
				GCC_WARN_UNUSED_FUNCTION = YES;
				GCC_WARN_UNUSED_VARIABLE = YES;
				IPHONEOS_DEPLOYMENT_TARGET = 7.0;
				SDKROOT = iphoneos;
				TARGETED_DEVICE_FAMILY = "1,2";
				VALIDATE_PRODUCT = YES;
			};
			name = Release;
		};
		D6BE0E551871B68D00A8A137 /* Debug */ = {
			isa = XCBuildConfiguration;
			buildSettings = {
				ASSETCATALOG_COMPILER_APPICON_NAME = AppIcon;
				ASSETCATALOG_COMPILER_LAUNCHIMAGE_NAME = LaunchImage;
				GCC_PRECOMPILE_PREFIX_HEADER = YES;
				GCC_PREFIX_HEADER = "随手记/随手记-Prefix.pch";
				INFOPLIST_FILE = "随手记/随手记-Info.plist";
				PRODUCT_NAME = "$(TARGET_NAME)";
				WRAPPER_EXTENSION = app;
			};
			name = Debug;
		};
		D6BE0E561871B68D00A8A137 /* Release */ = {
			isa = XCBuildConfiguration;
			buildSettings = {
				ASSETCATALOG_COMPILER_APPICON_NAME = AppIcon;
				ASSETCATALOG_COMPILER_LAUNCHIMAGE_NAME = LaunchImage;
				GCC_PRECOMPILE_PREFIX_HEADER = YES;
				GCC_PREFIX_HEADER = "随手记/随手记-Prefix.pch";
				INFOPLIST_FILE = "随手记/随手记-Info.plist";
				PRODUCT_NAME = "$(TARGET_NAME)";
				WRAPPER_EXTENSION = app;
			};
			name = Release;
		};
		D6BE0E581871B68D00A8A137 /* Debug */ = {
			isa = XCBuildConfiguration;
			buildSettings = {
				ARCHS = "$(ARCHS_STANDARD_INCLUDING_64_BIT)";
				BUNDLE_LOADER = "$(BUILT_PRODUCTS_DIR)/随手记.app/随手记";
				FRAMEWORK_SEARCH_PATHS = (
					"$(SDKROOT)/Developer/Library/Frameworks",
					"$(inherited)",
					"$(DEVELOPER_FRAMEWORKS_DIR)",
				);
				GCC_PRECOMPILE_PREFIX_HEADER = YES;
				GCC_PREFIX_HEADER = "随手记/随手记-Prefix.pch";
				GCC_PREPROCESSOR_DEFINITIONS = (
					"DEBUG=1",
					"$(inherited)",
				);
				INFOPLIST_FILE = "随手记Tests/随手记Tests-Info.plist";
				PRODUCT_NAME = "$(TARGET_NAME)";
				TEST_HOST = "$(BUNDLE_LOADER)";
				WRAPPER_EXTENSION = xctest;
			};
			name = Debug;
		};
		D6BE0E591871B68D00A8A137 /* Release */ = {
			isa = XCBuildConfiguration;
			buildSettings = {
				ARCHS = "$(ARCHS_STANDARD_INCLUDING_64_BIT)";
				BUNDLE_LOADER = "$(BUILT_PRODUCTS_DIR)/随手记.app/随手记";
				FRAMEWORK_SEARCH_PATHS = (
					"$(SDKROOT)/Developer/Library/Frameworks",
					"$(inherited)",
					"$(DEVELOPER_FRAMEWORKS_DIR)",
				);
				GCC_PRECOMPILE_PREFIX_HEADER = YES;
				GCC_PREFIX_HEADER = "随手记/随手记-Prefix.pch";
				INFOPLIST_FILE = "随手记Tests/随手记Tests-Info.plist";
				PRODUCT_NAME = "$(TARGET_NAME)";
				TEST_HOST = "$(BUNDLE_LOADER)";
				WRAPPER_EXTENSION = xctest;
			};
			name = Release;
		};
/* End XCBuildConfiguration section */

/* Begin XCConfigurationList section */
		D6BE0E231871B68D00A8A137 /* Build configuration list for PBXProject "随手记" */ = {
			isa = XCConfigurationList;
			buildConfigurations = (
				D6BE0E521871B68D00A8A137 /* Debug */,
				D6BE0E531871B68D00A8A137 /* Release */,
			);
			defaultConfigurationIsVisible = 0;
			defaultConfigurationName = Release;
		};
		D6BE0E541871B68D00A8A137 /* Build configuration list for PBXNativeTarget "随手记" */ = {
			isa = XCConfigurationList;
			buildConfigurations = (
				D6BE0E551871B68D00A8A137 /* Debug */,
				D6BE0E561871B68D00A8A137 /* Release */,
			);
			defaultConfigurationIsVisible = 0;
			defaultConfigurationName = Release;
		};
		D6BE0E571871B68D00A8A137 /* Build configuration list for PBXNativeTarget "随手记Tests" */ = {
			isa = XCConfigurationList;
			buildConfigurations = (
				D6BE0E581871B68D00A8A137 /* Debug */,
				D6BE0E591871B68D00A8A137 /* Release */,
			);
			defaultConfigurationIsVisible = 0;
			defaultConfigurationName = Release;
		};
/* End XCConfigurationList section */
	};
	rootObject = D6BE0E201871B68D00A8A137 /* Project object */;
}
